
Microsoft Visual Studio Solution File, Format Version 12.00
# Visual Studio Version 16
VisualStudioVersion = 16.0.31911.196
MinimumVisualStudioVersion = 10.0.40219.1
Project("{FAE04EC0-301F-11D3-BF4B-00C04F79EFBC}") = "Dot5.OData8.Demo", "Dot5.OData8.Demo\Dot5.OData8.Demo.csproj", "{8455D491-8714-4DD0-9A98-9E999D58D3BC}"
EndProject
Global
	GlobalSection(SolutionConfigurationPlatforms) = preSolution
		Debug|Any CPU = Debug|Any CPU
		Release|Any CPU = Release|Any CPU
	EndGlobalSection
	GlobalSection(ProjectConfigurationPlatforms) = postSolution
		{8455D491-8714-4DD0-9A98-9E999D58D3BC}.Debug|Any CPU.ActiveCfg = Debug|Any CPU
		{8455D491-8714-4DD0-9A98-9E999D58D3BC}.Debug|Any CPU.Build.0 = Debug|Any CPU
		{8455D491-8714-4DD0-9A98-9E999D58D3BC}.Release|Any CPU.ActiveCfg = Release|Any CPU
		{8455D491-8714-4DD0-9A98-9E999D58D3BC}.Release|Any CPU.Build.0 = Release|Any CPU
	EndGlobalSection
	GlobalSection(SolutionProperties) = preSolution
		HideSolutionNode = FALSE
	EndGlobalSection
	GlobalSection(ExtensibilityGlobals) = postSolution
		SolutionGuid = {E14C9344-CFA8-4AA5-AE93-4B5BA6BAF53D}
	EndGlobalSection
EndGlobal
